
Microsoft Visual Studio Solution File, Format Version 11.00
# Visual Studio 2010
Project("{FAE04EC0-301F-11D3-BF4B-00C04F79EFBC}") = "MonoDockerTest", "MonoDockerTest\MonoDockerTest.csproj", "{5AAD5692-6025-48BA-9B80-179A16FB8665}"
EndProject
Global
	GlobalSection(SolutionConfigurationPlatforms) = preSolution
		Debug|x86 = Debug|x86
		Release|x86 = Release|x86
	EndGlobalSection
	GlobalSection(ProjectConfigurationPlatforms) = postSolution
		{5AAD5692-6025-48BA-9B80-179A16FB8665}.Debug|x86.ActiveCfg = Debug|x86
		{5AAD5692-6025-48BA-9B80-179A16FB8665}.Debug|x86.Build.0 = Debug|x86
		{5AAD5692-6025-48BA-9B80-179A16FB8665}.Release|x86.ActiveCfg = Release|x86
		{5AAD5692-6025-48BA-9B80-179A16FB8665}.Release|x86.Build.0 = Release|x86
	EndGlobalSection
	GlobalSection(MonoDevelopProperties) = preSolution
		StartupItem = MonoDockerTest\MonoDockerTest.csproj
	EndGlobalSection
EndGlobal
